
Microsoft Visual Studio Solution File, Format Version 12.00
# Visual Studio Version 16
VisualStudioVersion = 16.0.29306.81
MinimumVisualStudioVersion = 10.0.40219.1
Project("{FAE04EC0-301F-11D3-BF4B-00C04F79EFBC}") = "CustomLists", "CustomLists\CustomLists.csproj", "{84AEF7FC-0CAF-4F47-88CF-E038CA290A86}"
EndProject
Project("{FAE04EC0-301F-11D3-BF4B-00C04F79EFBC}") = "UnitTestCustomList", "UnitTestCustomList\UnitTestCustomList.csproj", "{D8BDDB46-5BCB-4AEA-B71B-B03BE2115F19}"
EndProject
Global
	GlobalSection(SolutionConfigurationPlatforms) = preSolution
		Debug|Any CPU = Debug|Any CPU
		Release|Any CPU = Release|Any CPU
	EndGlobalSection
	GlobalSection(ProjectConfigurationPlatforms) = postSolution
		{84AEF7FC-0CAF-4F47-88CF-E038CA290A86}.Debug|Any CPU.ActiveCfg = Debug|Any CPU
		{84AEF7FC-0CAF-4F47-88CF-E038CA290A86}.Debug|Any CPU.Build.0 = Debug|Any CPU
		{84AEF7FC-0CAF-4F47-88CF-E038CA290A86}.Release|Any CPU.ActiveCfg = Release|Any CPU
		{84AEF7FC-0CAF-4F47-88CF-E038CA290A86}.Release|Any CPU.Build.0 = Release|Any CPU
		{D8BDDB46-5BCB-4AEA-B71B-B03BE2115F19}.Debug|Any CPU.ActiveCfg = Debug|Any CPU
		{D8BDDB46-5BCB-4AEA-B71B-B03BE2115F19}.Debug|Any CPU.Build.0 = Debug|Any CPU
		{D8BDDB46-5BCB-4AEA-B71B-B03BE2115F19}.Release|Any CPU.ActiveCfg = Release|Any CPU
		{D8BDDB46-5BCB-4AEA-B71B-B03BE2115F19}.Release|Any CPU.Build.0 = Release|Any CPU
	EndGlobalSection
	GlobalSection(SolutionProperties) = preSolution
		HideSolutionNode = FALSE
	EndGlobalSection
	GlobalSection(ExtensibilityGlobals) = postSolution
		SolutionGuid = {3210F99D-DC4C-493A-880A-414A091B9CE1}
	EndGlobalSection
EndGlobal
